
Microsoft Visual Studio Solution File, Format Version 12.00
# Visual Studio Version 16
VisualStudioVersion = 16.0.29001.49
MinimumVisualStudioVersion = 10.0.40219.1
Project("{9A19103F-16F7-4668-BE54-9A1E7A4F7556}") = "TestWebAPI", "TestWebAPI\TestWebAPI.csproj", "{87E192E4-9D01-47E6-A909-5AEC062E644F}"
EndProject
Project("{FAE04EC0-301F-11D3-BF4B-00C04F79EFBC}") = "DataAccess", "DataAccess\DataAccess.csproj", "{B6E3C21C-EEFB-44ED-A8C2-238A9368A4FB}"
EndProject
Global
	GlobalSection(SolutionConfigurationPlatforms) = preSolution
		Debug|Any CPU = Debug|Any CPU
		Release|Any CPU = Release|Any CPU
	EndGlobalSection
	GlobalSection(ProjectConfigurationPlatforms) = postSolution
		{87E192E4-9D01-47E6-A909-5AEC062E644F}.Debug|Any CPU.ActiveCfg = Debug|Any CPU
		{87E192E4-9D01-47E6-A909-5AEC062E644F}.Debug|Any CPU.Build.0 = Debug|Any CPU
		{87E192E4-9D01-47E6-A909-5AEC062E644F}.Release|Any CPU.ActiveCfg = Release|Any CPU
		{87E192E4-9D01-47E6-A909-5AEC062E644F}.Release|Any CPU.Build.0 = Release|Any CPU
		{B6E3C21C-EEFB-44ED-A8C2-238A9368A4FB}.Debug|Any CPU.ActiveCfg = Debug|Any CPU
		{B6E3C21C-EEFB-44ED-A8C2-238A9368A4FB}.Debug|Any CPU.Build.0 = Debug|Any CPU
		{B6E3C21C-EEFB-44ED-A8C2-238A9368A4FB}.Release|Any CPU.ActiveCfg = Release|Any CPU
		{B6E3C21C-EEFB-44ED-A8C2-238A9368A4FB}.Release|Any CPU.Build.0 = Release|Any CPU
	EndGlobalSection
	GlobalSection(SolutionProperties) = preSolution
		HideSolutionNode = FALSE
	EndGlobalSection
	GlobalSection(ExtensibilityGlobals) = postSolution
		SolutionGuid = {4BA38B0C-5B5A-4570-9829-A51CBC34E5F2}
	EndGlobalSection
EndGlobal
